# This file is generated by running "yarn install" inside your project.
# Manual changes might be lost - proceed with caution!

__metadata:
  version: 8
  cacheKey: 10

"@cspotcode/source-map-support@npm:^0.8.0":
  version: 0.8.1
  resolution: "@cspotcode/source-map-support@npm:0.8.1"
  dependencies:
    "@jridgewell/trace-mapping": "npm:0.3.9"
  checksum: 10/b6e38a1712fab242c86a241c229cf562195aad985d0564bd352ac404be583029e89e93028ffd2c251d2c407ecac5fb0cbdca94a2d5c10f29ac806ede0508b3ff
  languageName: node
  linkType: hard

"@eiriksgata/wc3ts@portal:./wc3ts::locator=wc3-map-ts-template%40workspace%3A.":
  version: 0.0.0-use.local
  resolution: "@eiriksgata/wc3ts@portal:./wc3ts::locator=wc3-map-ts-template%40workspace%3A."
  languageName: node
  linkType: soft

"@emnapi/runtime@npm:^1.11.1":
  version: 1.11.3
  resolution: "@emnapi/runtime@npm:1.11.3"
  dependencies:
    tslib: "npm:^2.4.0"
  checksum: 10/ec834cc0fe248e06dd84f6dee10162133f8a692636189e99aa992303c791d4be1679536ee91aeee6661c4478609768cee9c085acd858caa92784c67acaab44a5
  languageName: node
  linkType: hard

"@img/colour@npm:^1.1.0":
  version: 1.1.0
  resolution: "@img/colour@npm:1.1.0"
  checksum: 10/2a29be7b06b046bd33c80ffa0f3493b7535b0841a69f54af81bf5e2d8867f21704fab42e9cf24ec30c089de34f790bae4dad1fc617c3163fbf264998dc316f0a
  languageName: node
  linkType: hard

"@img/sharp-darwin-arm64@npm:0.35.3":
  version: 0.35.3
  resolution: "@img/sharp-darwin-arm64@npm:0.35.3"
  dependencies:
    "@img/sharp-libvips-darwin-arm64": "npm:1.3.2"
  dependenciesMeta:
    "@img/sharp-libvips-darwin-arm64":
      optional: true
  conditions: os=darwin & cpu=arm64
  languageName: node
  linkType: hard

"@img/sharp-darwin-x64@npm:0.35.3":
  version: 0.35.3
  resolution: "@img/sharp-darwin-x64@npm:0.35.3"
  dependencies:
    "@img/sharp-libvips-darwin-x64": "npm:1.3.2"
  dependenciesMeta:
    "@img/sharp-libvips-darwin-x64":
      optional: true
  conditions: os=darwin & cpu=x64
  languageName: node
  linkType: hard

"@img/sharp-freebsd-wasm32@npm:0.35.3":
  version: 0.35.3
  resolution: "@img/sharp-freebsd-wasm32@npm:0.35.3"
  dependencies:
    "@img/sharp-wasm32": "npm:0.35.3"
  conditions: os=freebsd
  languageName: node
  linkType: hard

"@img/sharp-libvips-darwin-arm64@npm:1.3.2":
  version: 1.3.2
  resolution: "@img/sharp-libvips-darwin-arm64@npm:1.3.2"
  conditions: os=darwin & cpu=arm64
  languageName: node
  linkType: hard

"@img/sharp-libvips-darwin-x64@npm:1.3.2":
  version: 1.3.2
  resolution: "@img/sharp-libvips-darwin-x64@npm:1.3.2"
  conditions: os=darwin & cpu=x64
  languageName: node
  linkType: hard

"@img/sharp-libvips-linux-arm64@npm:1.3.2":
  version: 1.3.2
  resolution: "@img/sharp-libvips-linux-arm64@npm:1.3.2"
  conditions: os=linux & cpu=arm64 & libc=glibc
  languageName: node
  linkType: hard

"@img/sharp-libvips-linux-arm@npm:1.3.2":
  version: 1.3.2
  resolution: "@img/sharp-libvips-linux-arm@npm:1.3.2"
  conditions: os=linux & cpu=arm & libc=glibc
  languageName: node
  linkType: hard

"@img/sharp-libvips-linux-ppc64@npm:1.3.2":
  version: 1.3.2
  resolution: "@img/sharp-libvips-linux-ppc64@npm:1.3.2"
  conditions: os=linux & cpu=ppc64 & libc=glibc
  languageName: node
  linkType: hard

"@img/sharp-libvips-linux-riscv64@npm:1.3.2":
  version: 1.3.2
  resolution: "@img/sharp-libvips-linux-riscv64@npm:1.3.2"
  conditions: os=linux & cpu=riscv64 & libc=glibc
  languageName: node
  linkType: hard

"@img/sharp-libvips-linux-s390x@npm:1.3.2":
  version: 1.3.2
  resolution: "@img/sharp-libvips-linux-s390x@npm:1.3.2"
  conditions: os=linux & cpu=s390x & libc=glibc
  languageName: node
  linkType: hard

"@img/sharp-libvips-linux-x64@npm:1.3.2":
  version: 1.3.2
  resolution: "@img/sharp-libvips-linux-x64@npm:1.3.2"
  conditions: os=linux & cpu=x64 & libc=glibc
  languageName: node
  linkType: hard

"@img/sharp-libvips-linuxmusl-arm64@npm:1.3.2":
  version: 1.3.2
  resolution: "@img/sharp-libvips-linuxmusl-arm64@npm:1.3.2"
  conditions: os=linux & cpu=arm64 & libc=musl
  languageName: node
  linkType: hard

"@img/sharp-libvips-linuxmusl-x64@npm:1.3.2":
  version: 1.3.2
  resolution: "@img/sharp-libvips-linuxmusl-x64@npm:1.3.2"
  conditions: os=linux & cpu=x64 & libc=musl
  languageName: node
  linkType: hard

"@img/sharp-linux-arm64@npm:0.35.3":
  version: 0.35.3
  resolution: "@img/sharp-linux-arm64@npm:0.35.3"
  dependencies:
    "@img/sharp-libvips-linux-arm64": "npm:1.3.2"
  dependenciesMeta:
    "@img/sharp-libvips-linux-arm64":
      optional: true
  conditions: os=linux & cpu=arm64 & libc=glibc
  languageName: node
  linkType: hard

"@img/sharp-linux-arm@npm:0.35.3":
  version: 0.35.3
  resolution: "@img/sharp-linux-arm@npm:0.35.3"
  dependencies:
    "@img/sharp-libvips-linux-arm": "npm:1.3.2"
  dependenciesMeta:
    "@img/sharp-libvips-linux-arm":
      optional: true
  conditions: os=linux & cpu=arm & libc=glibc
  languageName: node
  linkType: hard

"@img/sharp-linux-ppc64@npm:0.35.3":
  version: 0.35.3
  resolution: "@img/sharp-linux-ppc64@npm:0.35.3"
  dependencies:
    "@img/sharp-libvips-linux-ppc64": "npm:1.3.2"
  dependenciesMeta:
    "@img/sharp-libvips-linux-ppc64":
      optional: true
  conditions: os=linux & cpu=ppc64 & libc=glibc
  languageName: node
  linkType: hard

"@img/sharp-linux-riscv64@npm:0.35.3":
  version: 0.35.3
  resolution: "@img/sharp-linux-riscv64@npm:0.35.3"
  dependencies:
    "@img/sharp-libvips-linux-riscv64": "npm:1.3.2"
  dependenciesMeta:
    "@img/sharp-libvips-linux-riscv64":
      optional: true
  conditions: os=linux & cpu=riscv64 & libc=glibc
  languageName: node
  linkType: hard

"@img/sharp-linux-s390x@npm:0.35.3":
  version: 0.35.3
  resolution: "@img/sharp-linux-s390x@npm:0.35.3"
  dependencies:
    "@img/sharp-libvips-linux-s390x": "npm:1.3.2"
  dependenciesMeta:
    "@img/sharp-libvips-linux-s390x":
      optional: true
  conditions: os=linux & cpu=s390x & libc=glibc
  languageName: node
  linkType: hard

"@img/sharp-linux-x64@npm:0.35.3":
  version: 0.35.3
  resolution: "@img/sharp-linux-x64@npm:0.35.3"
  dependencies:
    "@img/sharp-libvips-linux-x64": "npm:1.3.2"
  dependenciesMeta:
    "@img/sharp-libvips-linux-x64":
      optional: true
  conditions: os=linux & cpu=x64 & libc=glibc
  languageName: node
  linkType: hard

"@img/sharp-linuxmusl-arm64@npm:0.35.3":
  version: 0.35.3
  resolution: "@img/sharp-linuxmusl-arm64@npm:0.35.3"
  dependencies:
    "@img/sharp-libvips-linuxmusl-arm64": "npm:1.3.2"
  dependenciesMeta:
    "@img/sharp-libvips-linuxmusl-arm64":
      optional: true
  conditions: os=linux & cpu=arm64 & libc=musl
  languageName: node
  linkType: hard

"@img/sharp-linuxmusl-x64@npm:0.35.3":
  version: 0.35.3
  resolution: "@img/sharp-linuxmusl-x64@npm:0.35.3"
  dependencies:
    "@img/sharp-libvips-linuxmusl-x64": "npm:1.3.2"
  dependenciesMeta:
    "@img/sharp-libvips-linuxmusl-x64":
      optional: true
  conditions: os=linux & cpu=x64 & libc=musl
  languageName: node
  linkType: hard

"@img/sharp-wasm32@npm:0.35.3":
  version: 0.35.3
  resolution: "@img/sharp-wasm32@npm:0.35.3"
  dependencies:
    "@emnapi/runtime": "npm:^1.11.1"
  checksum: 10/9cad3671879be2448c6252a978af2dc39727e4464d335a3eea5aab6751596b8af68bba9487f5fd2600671807f7d4ec34abfbd78b01ededb48843d904c6a1387d
  languageName: node
  linkType: hard

"@img/sharp-webcontainers-wasm32@npm:0.35.3":
  version: 0.35.3
  resolution: "@img/sharp-webcontainers-wasm32@npm:0.35.3"
  dependencies:
    "@img/sharp-wasm32": "npm:0.35.3"
  conditions: cpu=wasm32
  languageName: node
  linkType: hard

"@img/sharp-win32-arm64@npm:0.35.3":
  version: 0.35.3
  resolution: "@img/sharp-win32-arm64@npm:0.35.3"
  conditions: os=win32 & cpu=arm64
  languageName: node
  linkType: hard

"@img/sharp-win32-ia32@npm:0.35.3":
  version: 0.35.3
  resolution: "@img/sharp-win32-ia32@npm:0.35.3"
  conditions: os=win32 & cpu=ia32
  languageName: node
  linkType: hard

"@img/sharp-win32-x64@npm:0.35.3":
  version: 0.35.3
  resolution: "@img/sharp-win32-x64@npm:0.35.3"
  conditions: os=win32 & cpu=x64
  languageName: node
  linkType: hard

"@jridgewell/resolve-uri@npm:^3.0.3":
  version: 3.1.2
  resolution: "@jridgewell/resolve-uri@npm:3.1.2"
  checksum: 10/97106439d750a409c22c8bff822d648f6a71f3aa9bc8e5129efdc36343cd3096ddc4eeb1c62d2fe48e9bdd4db37b05d4646a17114ecebd3bbcacfa2de51c3c1d
  languageName: node
  linkType: hard

"@jridgewell/sourcemap-codec@npm:^1.4.10":
  version: 1.5.5
  resolution: "@jridgewell/sourcemap-codec@npm:1.5.5"
  checksum: 10/5d9d207b462c11e322d71911e55e21a4e2772f71ffe8d6f1221b8eb5ae6774458c1d242f897fb0814e8714ca9a6b498abfa74dfe4f434493342902b1a48b33a5
  languageName: node
  linkType: hard

"@jridgewell/trace-mapping@npm:0.3.9":
  version: 0.3.9
  resolution: "@jridgewell/trace-mapping@npm:0.3.9"
  dependencies:
    "@jridgewell/resolve-uri": "npm:^3.0.3"
    "@jridgewell/sourcemap-codec": "npm:^1.4.10"
  checksum: 10/83deafb8e7a5ca98993c2c6eeaa93c270f6f647a4c0dc00deb38c9cf9b2d3b7bf15e8839540155247ef034a052c0ec4466f980bf0c9e2ab63b97d16c0cedd3ff
  languageName: node
  linkType: hard

"@tsconfig/node10@npm:^1.0.7":
  version: 1.0.11
  resolution: "@tsconfig/node10@npm:1.0.11"
  checksum: 10/51fe47d55fe1b80ec35e6e5ed30a13665fd3a531945350aa74a14a1e82875fb60b350c2f2a5e72a64831b1b6bc02acb6760c30b3738b54954ec2dea82db7a267
  languageName: node
  linkType: hard

"@tsconfig/node12@npm:^1.0.7":
  version: 1.0.11
  resolution: "@tsconfig/node12@npm:1.0.11"
  checksum: 10/5ce29a41b13e7897a58b8e2df11269c5395999e588b9a467386f99d1d26f6c77d1af2719e407621412520ea30517d718d5192a32403b8dfcc163bf33e40a338a
  languageName: node
  linkType: hard

"@tsconfig/node14@npm:^1.0.0":
  version: 1.0.3
  resolution: "@tsconfig/node14@npm:1.0.3"
  checksum: 10/19275fe80c4c8d0ad0abed6a96dbf00642e88b220b090418609c4376e1cef81bf16237bf170ad1b341452feddb8115d8dd2e5acdfdea1b27422071163dc9ba9d
  languageName: node
  linkType: hard

"@tsconfig/node16@npm:^1.0.2":
  version: 1.0.4
  resolution: "@tsconfig/node16@npm:1.0.4"
  checksum: 10/202319785901f942a6e1e476b872d421baec20cf09f4b266a1854060efbf78cde16a4d256e8bc949d31e6cd9a90f1e8ef8fb06af96a65e98338a2b6b0de0a0ff
  languageName: node
  linkType: hard

"@types/node@npm:^24.5.2":
  version: 24.7.2
  resolution: "@types/node@npm:24.7.2"
  dependencies:
    undici-types: "npm:~7.14.0"
  checksum: 10/62073022f7fc11363683e6ce82332193129c3053e7f973127a83b0daa5d755ecf5806d310f5a7c78375e6c3d309aa15b4ae87c4c1797a9eec091425d36098b60
  languageName: node
  linkType: hard

"@typescript-to-lua/language-extensions@npm:1.19.0, @typescript-to-lua/language-extensions@npm:^1.19.0":
  version: 1.19.0
  resolution: "@typescript-to-lua/language-extensions@npm:1.19.0"
  checksum: 10/978e3fa4aca7e29b064cf2fdf3625edaeb2a04d3f612a3d8c1f2f65a2d635d320900ebb30df04fddc79cfce4556a92c009b64fdb68c3aa63ddc0baec1a96d9eb
  languageName: node
  linkType: hard

"acorn-walk@npm:^8.1.1":
  version: 8.3.4
  resolution: "acorn-walk@npm:8.3.4"
  dependencies:
    acorn: "npm:^8.11.0"
  checksum: 10/871386764e1451c637bb8ab9f76f4995d408057e9909be6fb5ad68537ae3375d85e6a6f170b98989f44ab3ff6c74ad120bc2779a3d577606e7a0cd2b4efcaf77
  languageName: node
  linkType: hard

"acorn@npm:^8.11.0, acorn@npm:^8.4.1":
  version: 8.15.0
  resolution: "acorn@npm:8.15.0"
  bin:
    acorn: bin/acorn
  checksum: 10/77f2de5051a631cf1729c090e5759148459cdb76b5f5c70f890503d629cf5052357b0ce783c0f976dd8a93c5150f59f6d18df1def3f502396a20f81282482fa4
  languageName: node
  linkType: hard

"arg@npm:^4.1.0":
  version: 4.1.3
  resolution: "arg@npm:4.1.3"
  checksum: 10/969b491082f20cad166649fa4d2073ea9e974a4e5ac36247ca23d2e5a8b3cb12d60e9ff70a8acfe26d76566c71fd351ee5e6a9a6595157eb36f92b1fd64e1599
  languageName: node
  linkType: hard

"create-require@npm:^1.1.0":
  version: 1.1.1
  resolution: "create-require@npm:1.1.1"
  checksum: 10/a9a1503d4390d8b59ad86f4607de7870b39cad43d929813599a23714831e81c520bddf61bcdd1f8e30f05fd3a2b71ae8538e946eb2786dc65c2bbc520f692eff
  languageName: node
  linkType: hard

"detect-libc@npm:^2.1.2":
  version: 2.1.2
  resolution: "detect-libc@npm:2.1.2"
  checksum: 10/b736c8d97d5d46164c0d1bed53eb4e6a3b1d8530d460211e2d52f1c552875e706c58a5376854e4e54f8b828c9cada58c855288c968522eb93ac7696d65970766
  languageName: node
  linkType: hard

"diff@npm:^4.0.1":
  version: 4.0.2
  resolution: "diff@npm:4.0.2"
  checksum: 10/ec09ec2101934ca5966355a229d77afcad5911c92e2a77413efda5455636c4cf2ce84057e2d7715227a2eeeda04255b849bd3ae3a4dd22eb22e86e76456df069
  languageName: node
  linkType: hard

"enhanced-resolve@npm:5.8.2":
  version: 5.8.2
  resolution: "enhanced-resolve@npm:5.8.2"
  dependencies:
    graceful-fs: "npm:^4.2.4"
    tapable: "npm:^2.2.0"
  checksum: 10/c3dacba2d6d8ff000229f0899e21da72afab68faaed2942572ee9d518e52ffa2fddb5b9caebc506f83ff84a6fc5d0a020a31f1cd33722196b9e2448cc72480a4
  languageName: node
  linkType: hard

"fs-extra@npm:^11.3.2":
  version: 11.3.2
  resolution: "fs-extra@npm:11.3.2"
  dependencies:
    graceful-fs: "npm:^4.2.0"
    jsonfile: "npm:^6.0.1"
    universalify: "npm:^2.0.0"
  checksum: 10/d559545c73fda69c75aa786f345c2f738b623b42aea850200b1582e006a35278f63787179e3194ba19413c26a280441758952b0c7e88dd96762d497e365a6c3e
  languageName: node
  linkType: hard

"function-bind@npm:^1.1.2":
  version: 1.1.2
  resolution: "function-bind@npm:1.1.2"
  checksum: 10/185e20d20f10c8d661d59aac0f3b63b31132d492e1b11fcc2a93cb2c47257ebaee7407c38513efd2b35cafdf972d9beb2ea4593c1e0f3bf8f2744836928d7454
  languageName: node
  linkType: hard

"graceful-fs@npm:^4.1.6, graceful-fs@npm:^4.2.0, graceful-fs@npm:^4.2.4":
  version: 4.2.11
  resolution: "graceful-fs@npm:4.2.11"
  checksum: 10/bf152d0ed1dc159239db1ba1f74fdbc40cb02f626770dcd5815c427ce0688c2635a06ed69af364396da4636d0408fcf7d4afdf7881724c3307e46aff30ca49e2
  languageName: node
  linkType: hard

"hasown@npm:^2.0.2":
  version: 2.0.2
  resolution: "hasown@npm:2.0.2"
  dependencies:
    function-bind: "npm:^1.1.2"
  checksum: 10/7898a9c1788b2862cf0f9c345a6bec77ba4a0c0983c7f19d610c382343d4f98fa260686b225dfb1f88393a66679d2ec58ee310c1d6868c081eda7918f32cc70a
  languageName: node
  linkType: hard

"is-core-module@npm:^2.16.0":
  version: 2.16.1
  resolution: "is-core-module@npm:2.16.1"
  dependencies:
    hasown: "npm:^2.0.2"
  checksum: 10/452b2c2fb7f889cbbf7e54609ef92cf6c24637c568acc7e63d166812a0fb365ae8a504c333a29add8bdb1686704068caa7f4e4b639b650dde4f00a038b8941fb
  languageName: node
  linkType: hard

"jsonfile@npm:^6.0.1":
  version: 6.2.0
  resolution: "jsonfile@npm:6.2.0"
  dependencies:
    graceful-fs: "npm:^4.1.6"
    universalify: "npm:^2.0.0"
  dependenciesMeta:
    graceful-fs:
      optional: true
  checksum: 10/513aac94a6eff070767cafc8eb4424b35d523eec0fcd8019fe5b975f4de5b10a54640c8d5961491ddd8e6f562588cf62435c5ddaf83aaf0986cd2ee789e0d7b9
  languageName: node
  linkType: hard

"lua-types@npm:^2.13.1":
  version: 2.13.1
  resolution: "lua-types@npm:2.13.1"
  checksum: 10/73fff4384343f57eec16752d53800a1defc3fe23eec3ead8b7bf7d611ea976e8461e466e4c8687932bd22277ac7927df00919a4417eb27985733be266d26559a
  languageName: node
  linkType: hard

"luamin@npm:^1.0.4":
  version: 1.0.4
  resolution: "luamin@npm:1.0.4"
  dependencies:
    luaparse: "npm:^0.2.1"
  bin:
    luamin: bin/luamin
  checksum: 10/48e03ab30dccb66489060f116c622c5bcd3a793ba6a765703230f56918a7bb1723523e0d9d6eddbd62d500e9941b6634eccc81189eb8d015706fe59ad5ed8e2d
  languageName: node
  linkType: hard

"luaparse@npm:^0.2.1":
  version: 0.2.1
  resolution: "luaparse@npm:0.2.1"
  bin:
    luaparse: ./bin/luaparse
  checksum: 10/463aa68b69238ade0f106e9ea808ba2acab8e39d7ad59d2bbba30168e152582df91e0e343b01df0d86a376343e8be0209d09dddb3cc122f9ebcf3f7751d1e7cd
  languageName: node
  linkType: hard

"make-error@npm:^1.1.1":
  version: 1.3.6
  resolution: "make-error@npm:1.3.6"
  checksum: 10/b86e5e0e25f7f777b77fabd8e2cbf15737972869d852a22b7e73c17623928fccb826d8e46b9951501d3f20e51ad74ba8c59ed584f610526a48f8ccf88aaec402
  languageName: node
  linkType: hard

"path-parse@npm:^1.0.7":
  version: 1.0.7
  resolution: "path-parse@npm:1.0.7"
  checksum: 10/49abf3d81115642938a8700ec580da6e830dde670be21893c62f4e10bd7dd4c3742ddc603fe24f898cba7eb0c6bc1777f8d9ac14185d34540c6d4d80cd9cae8a
  languageName: node
  linkType: hard

"picomatch@npm:^2.3.1":
  version: 2.3.1
  resolution: "picomatch@npm:2.3.1"
  checksum: 10/60c2595003b05e4535394d1da94850f5372c9427ca4413b71210f437f7b2ca091dbd611c45e8b37d10036fa8eade25c1b8951654f9d3973bfa66a2ff4d3b08bc
  languageName: node
  linkType: hard

"resolve@npm:^1.15.1":
  version: 1.22.10
  resolution: "resolve@npm:1.22.10"
  dependencies:
    is-core-module: "npm:^2.16.0"
    path-parse: "npm:^1.0.7"
    supports-preserve-symlinks-flag: "npm:^1.0.0"
  bin:
    resolve: bin/resolve
  checksum: 10/0a398b44da5c05e6e421d70108822c327675febb880eebe905587628de401854c61d5df02866ff34fc4cb1173a51c9f0e84a94702738df3611a62e2acdc68181
  languageName: node
  linkType: hard

"resolve@patch:resolve@npm%3A^1.15.1#optional!builtin<compat/resolve>":
  version: 1.22.10
  resolution: "resolve@patch:resolve@npm%3A1.22.10#optional!builtin<compat/resolve>::version=1.22.10&hash=c3c19d"
  dependencies:
    is-core-module: "npm:^2.16.0"
    path-parse: "npm:^1.0.7"
    supports-preserve-symlinks-flag: "npm:^1.0.0"
  bin:
    resolve: bin/resolve
  checksum: 10/d4d878bfe3702d215ea23e75e0e9caf99468e3db76f5ca100d27ebdc527366fee3877e54bce7d47cc72ca8952fc2782a070d238bfa79a550eeb0082384c3b81a
  languageName: node
  linkType: hard

"semver@npm:^7.8.5":
  version: 7.8.5
  resolution: "semver@npm:7.8.5"
  bin:
    semver: bin/semver.js
  checksum: 10/9b01d2ff11e6e4a4539b7ca3c5f280c8704cb397a28504469f2ed4f00ad2194748d756647362a9712fff30984d15772ab7f083108c2fb508e2096ae9e708f22c
  languageName: node
  linkType: hard

"sharp@npm:^0.35.3":
  version: 0.35.3
  resolution: "sharp@npm:0.35.3"
  dependencies:
    "@img/colour": "npm:^1.1.0"
    "@img/sharp-darwin-arm64": "npm:0.35.3"
    "@img/sharp-darwin-x64": "npm:0.35.3"
    "@img/sharp-freebsd-wasm32": "npm:0.35.3"
    "@img/sharp-libvips-darwin-arm64": "npm:1.3.2"
    "@img/sharp-libvips-darwin-x64": "npm:1.3.2"
    "@img/sharp-libvips-linux-arm": "npm:1.3.2"
    "@img/sharp-libvips-linux-arm64": "npm:1.3.2"
    "@img/sharp-libvips-linux-ppc64": "npm:1.3.2"
    "@img/sharp-libvips-linux-riscv64": "npm:1.3.2"
    "@img/sharp-libvips-linux-s390x": "npm:1.3.2"
    "@img/sharp-libvips-linux-x64": "npm:1.3.2"
    "@img/sharp-libvips-linuxmusl-arm64": "npm:1.3.2"
    "@img/sharp-libvips-linuxmusl-x64": "npm:1.3.2"
    "@img/sharp-linux-arm": "npm:0.35.3"
    "@img/sharp-linux-arm64": "npm:0.35.3"
    "@img/sharp-linux-ppc64": "npm:0.35.3"
    "@img/sharp-linux-riscv64": "npm:0.35.3"
    "@img/sharp-linux-s390x": "npm:0.35.3"
    "@img/sharp-linux-x64": "npm:0.35.3"
    "@img/sharp-linuxmusl-arm64": "npm:0.35.3"
    "@img/sharp-linuxmusl-x64": "npm:0.35.3"
    "@img/sharp-webcontainers-wasm32": "npm:0.35.3"
    "@img/sharp-win32-arm64": "npm:0.35.3"
    "@img/sharp-win32-ia32": "npm:0.35.3"
    "@img/sharp-win32-x64": "npm:0.35.3"
    detect-libc: "npm:^2.1.2"
    semver: "npm:^7.8.5"
  dependenciesMeta:
    "@img/sharp-darwin-arm64":
      optional: true
    "@img/sharp-darwin-x64":
      optional: true
    "@img/sharp-freebsd-wasm32":
      optional: true
    "@img/sharp-libvips-darwin-arm64":
      optional: true
    "@img/sharp-libvips-darwin-x64":
      optional: true
    "@img/sharp-libvips-linux-arm":
      optional: true
    "@img/sharp-libvips-linux-arm64":
      optional: true
    "@img/sharp-libvips-linux-ppc64":
      optional: true
    "@img/sharp-libvips-linux-riscv64":
      optional: true
    "@img/sharp-libvips-linux-s390x":
      optional: true
    "@img/sharp-libvips-linux-x64":
      optional: true
    "@img/sharp-libvips-linuxmusl-arm64":
      optional: true
    "@img/sharp-libvips-linuxmusl-x64":
      optional: true
    "@img/sharp-linux-arm":
      optional: true
    "@img/sharp-linux-arm64":
      optional: true
    "@img/sharp-linux-ppc64":
      optional: true
    "@img/sharp-linux-riscv64":
      optional: true
    "@img/sharp-linux-s390x":
      optional: true
    "@img/sharp-linux-x64":
      optional: true
    "@img/sharp-linuxmusl-arm64":
      optional: true
    "@img/sharp-linuxmusl-x64":
      optional: true
    "@img/sharp-webcontainers-wasm32":
      optional: true
    "@img/sharp-win32-arm64":
      optional: true
    "@img/sharp-win32-ia32":
      optional: true
    "@img/sharp-win32-x64":
      optional: true
  peerDependenciesMeta:
    "@types/node":
      optional: true
  checksum: 10/5f5c7739421f470d18e1b0d8160342103530724f59e3ef11d9cf15d5ec22e36fd2226d3c8f15ac72b3da947605c4076faf9ab8902e08575ed950c6f48a36ffa8
  languageName: node
  linkType: hard

"source-map@npm:^0.7.3":
  version: 0.7.6
  resolution: "source-map@npm:0.7.6"
  checksum: 10/c8d2da7c57c14f3fd7568f764b39ad49bbf9dd7632b86df3542b31fed117d4af2fb74a4f886fc06baf7a510fee68e37998efc3080aacdac951c36211dc29a7a3
  languageName: node
  linkType: hard

"supports-preserve-symlinks-flag@npm:^1.0.0":
  version: 1.0.0
  resolution: "supports-preserve-symlinks-flag@npm:1.0.0"
  checksum: 10/a9dc19ae2220c952bd2231d08ddeecb1b0328b61e72071ff4000c8384e145cc07c1c0bdb3b5a1cb06e186a7b2790f1dee793418b332f6ddf320de25d9125be7e
  languageName: node
  linkType: hard

"tapable@npm:^2.2.0":
  version: 2.3.0
  resolution: "tapable@npm:2.3.0"
  checksum: 10/496a841039960533bb6e44816a01fffc2a1eb428bb2051ecab9e87adf07f19e1f937566cbbbb09dceff31163c0ffd81baafcad84db900b601f0155dd0b37e9f2
  languageName: node
  linkType: hard

"ts-node@npm:^10.9.2":
  version: 10.9.2
  resolution: "ts-node@npm:10.9.2"
  dependencies:
    "@cspotcode/source-map-support": "npm:^0.8.0"
    "@tsconfig/node10": "npm:^1.0.7"
    "@tsconfig/node12": "npm:^1.0.7"
    "@tsconfig/node14": "npm:^1.0.0"
    "@tsconfig/node16": "npm:^1.0.2"
    acorn: "npm:^8.4.1"
    acorn-walk: "npm:^8.1.1"
    arg: "npm:^4.1.0"
    create-require: "npm:^1.1.0"
    diff: "npm:^4.0.1"
    make-error: "npm:^1.1.1"
    v8-compile-cache-lib: "npm:^3.0.1"
    yn: "npm:3.1.1"
  peerDependencies:
    "@swc/core": ">=1.2.50"
    "@swc/wasm": ">=1.2.50"
    "@types/node": "*"
    typescript: ">=2.7"
  peerDependenciesMeta:
    "@swc/core":
      optional: true
    "@swc/wasm":
      optional: true
  bin:
    ts-node: dist/bin.js
    ts-node-cwd: dist/bin-cwd.js
    ts-node-esm: dist/bin-esm.js
    ts-node-script: dist/bin-script.js
    ts-node-transpile-only: dist/bin-transpile.js
    ts-script: dist/bin-script-deprecated.js
  checksum: 10/a91a15b3c9f76ac462f006fa88b6bfa528130dcfb849dd7ef7f9d640832ab681e235b8a2bc58ecde42f72851cc1d5d4e22c901b0c11aa51001ea1d395074b794
  languageName: node
  linkType: hard

"tslib@npm:^2.4.0":
  version: 2.8.1
  resolution: "tslib@npm:2.8.1"
  checksum: 10/3e2e043d5c2316461cb54e5c7fe02c30ef6dccb3384717ca22ae5c6b5bc95232a6241df19c622d9c73b809bea33b187f6dbc73030963e29950c2141bc32a79f7
  languageName: node
  linkType: hard

"typescript-to-lua@npm:^1.34.0":
  version: 1.34.0
  resolution: "typescript-to-lua@npm:1.34.0"
  dependencies:
    "@typescript-to-lua/language-extensions": "npm:1.19.0"
    enhanced-resolve: "npm:5.8.2"
    picomatch: "npm:^2.3.1"
    resolve: "npm:^1.15.1"
    source-map: "npm:^0.7.3"
  peerDependencies:
    typescript: 5.9.3
  bin:
    tstl: dist/tstl.js
  checksum: 10/b250c934690284027c650b1e33fd0f2aa8d07fc960adad8dd3cd8a8724e6d99bed5316a705b1b5cf04c29018ad7258ff6e7766dc011bee0289b0cb87f5bcb652
  languageName: node
  linkType: hard

"typescript@npm:5.8.2":
  version: 5.8.2
  resolution: "typescript@npm:5.8.2"
  bin:
    tsc: bin/tsc
    tsserver: bin/tsserver
  checksum: 10/dbc2168a55d56771f4d581997be52bab5cbc09734fec976cfbaabd787e61fb4c6cf9125fd48c6f98054ce549c77ecedefc7f64252a830dd8e9c3381f61fbeb78
  languageName: node
  linkType: hard

"typescript@patch:typescript@npm%3A5.8.2#optional!builtin<compat/typescript>":
  version: 5.8.2
  resolution: "typescript@patch:typescript@npm%3A5.8.2#optional!builtin<compat/typescript>::version=5.8.2&hash=5786d5"
  bin:
    tsc: bin/tsc
    tsserver: bin/tsserver
  checksum: 10/97920a082ffc57583b1cb6bc4faa502acc156358e03f54c7fc7fdf0b61c439a717f4c9070c449ee9ee683d4cfc3bb203127c2b9794b2950f66d9d307a4ff262c
  languageName: node
  linkType: hard

"undici-types@npm:~7.14.0":
  version: 7.14.0
  resolution: "undici-types@npm:7.14.0"
  checksum: 10/0f8709b21437697af35801e33bddbe9992e0cf1771959c41850b1946f63822b825e03ce99f44bf19e4f5c3ccc5166e0be59f541565c36ce86163dc2c5870bc62
  languageName: node
  linkType: hard

"universalify@npm:^2.0.0":
  version: 2.0.1
  resolution: "universalify@npm:2.0.1"
  checksum: 10/ecd8469fe0db28e7de9e5289d32bd1b6ba8f7183db34f3bfc4ca53c49891c2d6aa05f3fb3936a81285a905cc509fb641a0c3fc131ec786167eff41236ae32e60
  languageName: node
  linkType: hard

"v8-compile-cache-lib@npm:^3.0.1":
  version: 3.0.1
  resolution: "v8-compile-cache-lib@npm:3.0.1"
  checksum: 10/88d3423a52b6aaf1836be779cab12f7016d47ad8430dffba6edf766695e6d90ad4adaa3d8eeb512cc05924f3e246c4a4ca51e089dccf4402caa536b5e5be8961
  languageName: node
  linkType: hard

"wc3-map-ts-template@workspace:.":
  version: 0.0.0-use.local
  resolution: "wc3-map-ts-template@workspace:."
  dependencies:
    "@eiriksgata/wc3ts": "portal:./wc3ts"
    "@types/node": "npm:^24.5.2"
    "@typescript-to-lua/language-extensions": "npm:^1.19.0"
    fs-extra: "npm:^11.3.2"
    lua-types: "npm:^2.13.1"
    luamin: "npm:^1.0.4"
    sharp: "npm:^0.35.3"
    ts-node: "npm:^10.9.2"
    typescript: "npm:5.8.2"
    typescript-to-lua: "npm:^1.34.0"
  languageName: unknown
  linkType: soft

"yn@npm:3.1.1":
  version: 3.1.1
  resolution: "yn@npm:3.1.1"
  checksum: 10/2c487b0e149e746ef48cda9f8bad10fc83693cd69d7f9dcd8be4214e985de33a29c9e24f3c0d6bcf2288427040a8947406ab27f7af67ee9456e6b84854f02dd6
  languageName: node
  linkType: hard
